
Microsoft Visual Studio Solution File, Format Version 12.00
# Visual Studio Version 17
VisualStudioVersion = 17.1.32210.238
MinimumVisualStudioVersion = 10.0.40219.1
Project("{FAE04EC0-301F-11D3-BF4B-00C04F79EFBC}") = "ToDos.UWP", "ToDos\ToDos.UWP\ToDos.UWP.csproj", "{8FCB66CC-4DD3-4AA5-B043-8F72C4350696}"
EndProject
Project("{FAE04EC0-301F-11D3-BF4B-00C04F79EFBC}") = "ToDos.Android", "ToDos\ToDos.Android\ToDos.Android.csproj", "{EA34A413-8743-4A84-B3D5-EC658D8B7D0B}"
EndProject
Project("{FAE04EC0-301F-11D3-BF4B-00C04F79EFBC}") = "ToDos.iOS", "ToDos\ToDos.iOS\ToDos.iOS.csproj", "{3925F490-B4AB-4BD1-9C66-8392DE778901}"
EndProject
Project("{FAE04EC0-301F-11D3-BF4B-00C04F79EFBC}") = "ToDos", "ToDos\ToDos\ToDos.csproj", "{A872B9D0-07E9-45A8-99DC-8EF4290515E8}"
EndProject
Global
	GlobalSection(SolutionConfigurationPlatforms) = preSolution
		Debug|Any CPU = Debug|Any CPU
		Debug|ARM = Debug|ARM
		Debug|iPhone = Debug|iPhone
		Debug|iPhoneSimulator = Debug|iPhoneSimulator
		Debug|x64 = Debug|x64
		Debug|x86 = Debug|x86
		Release|Any CPU = Release|Any CPU
		Release|ARM = Release|ARM
		Release|iPhone = Release|iPhone
		Release|iPhoneSimulator = Release|iPhoneSimulator
		Release|x64 = Release|x64
		Release|x86 = Release|x86
	EndGlobalSection
	GlobalSection(ProjectConfigurationPlatforms) = postSolution
		{8FCB66CC-4DD3-4AA5-B043-8F72C4350696}.Debug|Any CPU.ActiveCfg = Debug|x64
		{8FCB66CC-4DD3-4AA5-B043-8F72C4350696}.Debug|Any CPU.Build.0 = Debug|x64
		{8FCB66CC-4DD3-4AA5-B043-8F72C4350696}.Debug|Any CPU.Deploy.0 = Debug|x64
		{8FCB66CC-4DD3-4AA5-B043-8F72C4350696}.Debug|ARM.ActiveCfg = Debug|ARM
		{8FCB66CC-4DD3-4AA5-B043-8F72C4350696}.Debug|ARM.Build.0 = Debug|ARM
		{8FCB66CC-4DD3-4AA5-B043-8F72C4350696}.Debug|ARM.Deploy.0 = Debug|ARM
		{8FCB66CC-4DD3-4AA5-B043-8F72C4350696}.Debug|iPhone.ActiveCfg = Debug|x64
		{8FCB66CC-4DD3-4AA5-B043-8F72C4350696}.Debug|iPhone.Build.0 = Debug|x64
		{8FCB66CC-4DD3-4AA5-B043-8F72C4350696}.Debug|iPhone.Deploy.0 = Debug|x64
		{8FCB66CC-4DD3-4AA5-B043-8F72C4350696}.Debug|iPhoneSimulator.ActiveCfg = Debug|x64
		{8FCB66CC-4DD3-4AA5-B043-8F72C4350696}.Debug|iPhoneSimulator.Build.0 = Debug|x64
		{8FCB66CC-4DD3-4AA5-B043-8F72C4350696}.Debug|iPhoneSimulator.Deploy.0 = Debug|x64
		{8FCB66CC-4DD3-4AA5-B043-8F72C4350696}.Debug|x64.ActiveCfg = Debug|x64
		{8FCB66CC-4DD3-4AA5-B043-8F72C4350696}.Debug|x64.Build.0 = Debug|x64
		{8FCB66CC-4DD3-4AA5-B043-8F72C4350696}.Debug|x64.Deploy.0 = Debug|x64
		{8FCB66CC-4DD3-4AA5-B043-8F72C4350696}.Debug|x86.ActiveCfg = Debug|x86
		{8FCB66CC-4DD3-4AA5-B043-8F72C4350696}.Debug|x86.Build.0 = Debug|x86
		{8FCB66CC-4DD3-4AA5-B043-8F72C4350696}.Debug|x86.Deploy.0 = Debug|x86
		{8FCB66CC-4DD3-4AA5-B043-8F72C4350696}.Release|Any CPU.ActiveCfg = Release|x64
		{8FCB66CC-4DD3-4AA5-B043-8F72C4350696}.Release|Any CPU.Build.0 = Release|x64
		{8FCB66CC-4DD3-4AA5-B043-8F72C4350696}.Release|Any CPU.Deploy.0 = Release|x64
		{8FCB66CC-4DD3-4AA5-B043-8F72C4350696}.Release|ARM.ActiveCfg = Release|ARM
		{8FCB66CC-4DD3-4AA5-B043-8F72C4350696}.Release|ARM.Build.0 = Release|ARM
		{8FCB66CC-4DD3-4AA5-B043-8F72C4350696}.Release|ARM.Deploy.0 = Release|ARM
		{8FCB66CC-4DD3-4AA5-B043-8F72C4350696}.Release|iPhone.ActiveCfg = Release|x64
		{8FCB66CC-4DD3-4AA5-B043-8F72C4350696}.Release|iPhone.Build.0 = Release|x64
		{8FCB66CC-4DD3-4AA5-B043-8F72C4350696}.Release|iPhone.Deploy.0 = Release|x64
		{8FCB66CC-4DD3-4AA5-B043-8F72C4350696}.Release|iPhoneSimulator.ActiveCfg = Release|x64
		{8FCB66CC-4DD3-4AA5-B043-8F72C4350696}.Release|iPhoneSimulator.Build.0 = Release|x64
		{8FCB66CC-4DD3-4AA5-B043-8F72C4350696}.Release|iPhoneSimulator.Deploy.0 = Release|x64
		{8FCB66CC-4DD3-4AA5-B043-8F72C4350696}.Release|x64.ActiveCfg = Release|x64
		{8FCB66CC-4DD3-4AA5-B043-8F72C4350696}.Release|x64.Build.0 = Release|x64
		{8FCB66CC-4DD3-4AA5-B043-8F72C4350696}.Release|x64.Deploy.0 = Release|x64
		{8FCB66CC-4DD3-4AA5-B043-8F72C4350696}.Release|x86.ActiveCfg = Release|x86
		{8FCB66CC-4DD3-4AA5-B043-8F72C4350696}.Release|x86.Build.0 = Release|x86
		{8FCB66CC-4DD3-4AA5-B043-8F72C4350696}.Release|x86.Deploy.0 = Release|x86
		{EA34A413-8743-4A84-B3D5-EC658D8B7D0B}.Debug|Any CPU.ActiveCfg = Debug|Any CPU
		{EA34A413-8743-4A84-B3D5-EC658D8B7D0B}.Debug|Any CPU.Build.0 = Debug|Any CPU
		{EA34A413-8743-4A84-B3D5-EC658D8B7D0B}.Debug|Any CPU.Deploy.0 = Debug|Any CPU
		{EA34A413-8743-4A84-B3D5-EC658D8B7D0B}.Debug|ARM.ActiveCfg = Debug|Any CPU
		{EA34A413-8743-4A84-B3D5-EC658D8B7D0B}.Debug|ARM.Build.0 = Debug|Any CPU
		{EA34A413-8743-4A84-B3D5-EC658D8B7D0B}.Debug|ARM.Deploy.0 = Debug|Any CPU
		{EA34A413-8743-4A84-B3D5-EC658D8B7D0B}.Debug|iPhone.ActiveCfg = Debug|Any CPU
		{EA34A413-8743-4A84-B3D5-EC658D8B7D0B}.Debug|iPhone.Build.0 = Debug|Any CPU
		{EA34A413-8743-4A84-B3D5-EC658D8B7D0B}.Debug|iPhone.Deploy.0 = Debug|Any CPU
		{EA34A413-8743-4A84-B3D5-EC658D8B7D0B}.Debug|iPhoneSimulator.ActiveCfg = Debug|Any CPU
		{EA34A413-8743-4A84-B3D5-EC658D8B7D0B}.Debug|iPhoneSimulator.Build.0 = Debug|Any CPU
		{EA34A413-8743-4A84-B3D5-EC658D8B7D0B}.Debug|iPhoneSimulator.Deploy.0 = Debug|Any CPU
		{EA34A413-8743-4A84-B3D5-EC658D8B7D0B}.Debug|x64.ActiveCfg = Debug|Any CPU
		{EA34A413-8743-4A84-B3D5-EC658D8B7D0B}.Debug|x64.Build.0 = Debug|Any CPU
		{EA34A413-8743-4A84-B3D5-EC658D8B7D0B}.Debug|x64.Deploy.0 = Debug|Any CPU
		{EA34A413-8743-4A84-B3D5-EC658D8B7D0B}.Debug|x86.ActiveCfg = Debug|Any CPU
		{EA34A413-8743-4A84-B3D5-EC658D8B7D0B}.Debug|x86.Build.0 = Debug|Any CPU
		{EA34A413-8743-4A84-B3D5-EC658D8B7D0B}.Debug|x86.Deploy.0 = Debug|Any CPU
		{EA34A413-8743-4A84-B3D5-EC658D8B7D0B}.Release|Any CPU.ActiveCfg = Release|Any CPU
		{EA34A413-8743-4A84-B3D5-EC658D8B7D0B}.Release|Any CPU.Build.0 = Release|Any CPU
		{EA34A413-8743-4A84-B3D5-EC658D8B7D0B}.Release|Any CPU.Deploy.0 = Release|Any CPU
		{EA34A413-8743-4A84-B3D5-EC658D8B7D0B}.Release|ARM.ActiveCfg = Release|Any CPU
		{EA34A413-8743-4A84-B3D5-EC658D8B7D0B}.Release|ARM.Build.0 = Release|Any CPU
		{EA34A413-8743-4A84-B3D5-EC658D8B7D0B}.Release|ARM.Deploy.0 = Release|Any CPU
		{EA34A413-8743-4A84-B3D5-EC658D8B7D0B}.Release|iPhone.ActiveCfg = Release|Any CPU
		{EA34A413-8743-4A84-B3D5-EC658D8B7D0B}.Release|iPhone.Build.0 = Release|Any CPU
		{EA34A413-8743-4A84-B3D5-EC658D8B7D0B}.Release|iPhone.Deploy.0 = Release|Any CPU
		{EA34A413-8743-4A84-B3D5-EC658D8B7D0B}.Release|iPhoneSimulator.ActiveCfg = Release|Any CPU
		{EA34A413-8743-4A84-B3D5-EC658D8B7D0B}.Release|iPhoneSimulator.Build.0 = Release|Any CPU
		{EA34A413-8743-4A84-B3D5-EC658D8B7D0B}.Release|iPhoneSimulator.Deploy.0 = Release|Any CPU
		{EA34A413-8743-4A84-B3D5-EC658D8B7D0B}.Release|x64.ActiveCfg = Release|Any CPU
		{EA34A413-8743-4A84-B3D5-EC658D8B7D0B}.Release|x64.Build.0 = Release|Any CPU
		{EA34A413-8743-4A84-B3D5-EC658D8B7D0B}.Release|x64.Deploy.0 = Release|Any CPU
		{EA34A413-8743-4A84-B3D5-EC658D8B7D0B}.Release|x86.ActiveCfg = Release|Any CPU
		{EA34A413-8743-4A84-B3D5-EC658D8B7D0B}.Release|x86.Build.0 = Release|Any CPU
		{EA34A413-8743-4A84-B3D5-EC658D8B7D0B}.Release|x86.Deploy.0 = Release|Any CPU
		{3925F490-B4AB-4BD1-9C66-8392DE778901}.Debug|Any CPU.ActiveCfg = Debug|iPhoneSimulator
		{3925F490-B4AB-4BD1-9C66-8392DE778901}.Debug|Any CPU.Build.0 = Debug|iPhoneSimulator
		{3925F490-B4AB-4BD1-9C66-8392DE778901}.Debug|Any CPU.Deploy.0 = Debug|iPhoneSimulator
		{3925F490-B4AB-4BD1-9C66-8392DE778901}.Debug|ARM.ActiveCfg = Debug|iPhoneSimulator
		{3925F490-B4AB-4BD1-9C66-8392DE778901}.Debug|ARM.Build.0 = Debug|iPhoneSimulator
		{3925F490-B4AB-4BD1-9C66-8392DE778901}.Debug|ARM.Deploy.0 = Debug|iPhoneSimulator
		{3925F490-B4AB-4BD1-9C66-8392DE778901}.Debug|iPhone.ActiveCfg = Debug|iPhone
		{3925F490-B4AB-4BD1-9C66-8392DE778901}.Debug|iPhone.Build.0 = Debug|iPhone
		{3925F490-B4AB-4BD1-9C66-8392DE778901}.Debug|iPhone.Deploy.0 = Debug|iPhone
		{3925F490-B4AB-4BD1-9C66-8392DE778901}.Debug|iPhoneSimulator.ActiveCfg = Debug|iPhoneSimulator
		{3925F490-B4AB-4BD1-9C66-8392DE778901}.Debug|iPhoneSimulator.Build.0 = Debug|iPhoneSimulator
		{3925F490-B4AB-4BD1-9C66-8392DE778901}.Debug|iPhoneSimulator.Deploy.0 = Debug|iPhoneSimulator
		{3925F490-B4AB-4BD1-9C66-8392DE778901}.Debug|x64.ActiveCfg = Debug|iPhone
		{3925F490-B4AB-4BD1-9C66-8392DE778901}.Debug|x64.Build.0 = Debug|iPhone
		{3925F490-B4AB-4BD1-9C66-8392DE778901}.Debug|x64.Deploy.0 = Debug|iPhone
		{3925F490-B4AB-4BD1-9C66-8392DE778901}.Debug|x86.ActiveCfg = Debug|iPhoneSimulator
		{3925F490-B4AB-4BD1-9C66-8392DE778901}.Debug|x86.Build.0 = Debug|iPhoneSimulator
		{3925F490-B4AB-4BD1-9C66-8392DE778901}.Debug|x86.Deploy.0 = Debug|iPhoneSimulator
		{3925F490-B4AB-4BD1-9C66-8392DE778901}.Release|Any CPU.ActiveCfg = Release|iPhoneSimulator
		{3925F490-B4AB-4BD1-9C66-8392DE778901}.Release|Any CPU.Build.0 = Release|iPhoneSimulator
		{3925F490-B4AB-4BD1-9C66-8392DE778901}.Release|Any CPU.Deploy.0 = Release|iPhoneSimulator
		{3925F490-B4AB-4BD1-9C66-8392DE778901}.Release|ARM.ActiveCfg = Release|iPhoneSimulator
		{3925F490-B4AB-4BD1-9C66-8392DE778901}.Release|ARM.Build.0 = Release|iPhoneSimulator
		{3925F490-B4AB-4BD1-9C66-8392DE778901}.Release|ARM.Deploy.0 = Release|iPhoneSimulator
		{3925F490-B4AB-4BD1-9C66-8392DE778901}.Release|iPhone.ActiveCfg = Release|iPhone
		{3925F490-B4AB-4BD1-9C66-8392DE778901}.Release|iPhone.Build.0 = Release|iPhone
		{3925F490-B4AB-4BD1-9C66-8392DE778901}.Release|iPhone.Deploy.0 = Release|iPhone
		{3925F490-B4AB-4BD1-9C66-8392DE778901}.Release|iPhoneSimulator.ActiveCfg = Release|iPhoneSimulator
		{3925F490-B4AB-4BD1-9C66-8392DE778901}.Release|iPhoneSimulator.Build.0 = Release|iPhoneSimulator
		{3925F490-B4AB-4BD1-9C66-8392DE778901}.Release|iPhoneSimulator.Deploy.0 = Release|iPhoneSimulator
		{3925F490-B4AB-4BD1-9C66-8392DE778901}.Release|x64.ActiveCfg = Release|iPhoneSimulator
		{3925F490-B4AB-4BD1-9C66-8392DE778901}.Release|x64.Build.0 = Release|iPhoneSimulator
		{3925F490-B4AB-4BD1-9C66-8392DE778901}.Release|x64.Deploy.0 = Release|iPhoneSimulator
		{3925F490-B4AB-4BD1-9C66-8392DE778901}.Release|x86.ActiveCfg = Release|iPhoneSimulator
		{3925F490-B4AB-4BD1-9C66-8392DE778901}.Release|x86.Build.0 = Release|iPhoneSimulator
		{3925F490-B4AB-4BD1-9C66-8392DE778901}.Release|x86.Deploy.0 = Release|iPhoneSimulator
		{A872B9D0-07E9-45A8-99DC-8EF4290515E8}.Debug|Any CPU.ActiveCfg = Debug|Any CPU
		{A872B9D0-07E9-45A8-99DC-8EF4290515E8}.Debug|Any CPU.Build.0 = Debug|Any CPU
		{A872B9D0-07E9-45A8-99DC-8EF4290515E8}.Debug|Any CPU.Deploy.0 = Debug|Any CPU
		{A872B9D0-07E9-45A8-99DC-8EF4290515E8}.Debug|ARM.ActiveCfg = Debug|Any CPU
		{A872B9D0-07E9-45A8-99DC-8EF4290515E8}.Debug|ARM.Build.0 = Debug|Any CPU
		{A872B9D0-07E9-45A8-99DC-8EF4290515E8}.Debug|ARM.Deploy.0 = Debug|Any CPU
		{A872B9D0-07E9-45A8-99DC-8EF4290515E8}.Debug|iPhone.ActiveCfg = Debug|Any CPU
		{A872B9D0-07E9-45A8-99DC-8EF4290515E8}.Debug|iPhone.Build.0 = Debug|Any CPU
		{A872B9D0-07E9-45A8-99DC-8EF4290515E8}.Debug|iPhone.Deploy.0 = Debug|Any CPU
		{A872B9D0-07E9-45A8-99DC-8EF4290515E8}.Debug|iPhoneSimulator.ActiveCfg = Debug|Any CPU
		{A872B9D0-07E9-45A8-99DC-8EF4290515E8}.Debug|iPhoneSimulator.Build.0 = Debug|Any CPU
		{A872B9D0-07E9-45A8-99DC-8EF4290515E8}.Debug|iPhoneSimulator.Deploy.0 = Debug|Any CPU
		{A872B9D0-07E9-45A8-99DC-8EF4290515E8}.Debug|x64.ActiveCfg = Debug|Any CPU
		{A872B9D0-07E9-45A8-99DC-8EF4290515E8}.Debug|x64.Build.0 = Debug|Any CPU
		{A872B9D0-07E9-45A8-99DC-8EF4290515E8}.Debug|x64.Deploy.0 = Debug|Any CPU
		{A872B9D0-07E9-45A8-99DC-8EF4290515E8}.Debug|x86.ActiveCfg = Debug|Any CPU
		{A872B9D0-07E9-45A8-99DC-8EF4290515E8}.Debug|x86.Build.0 = Debug|Any CPU
		{A872B9D0-07E9-45A8-99DC-8EF4290515E8}.Debug|x86.Deploy.0 = Debug|Any CPU
		{A872B9D0-07E9-45A8-99DC-8EF4290515E8}.Release|Any CPU.ActiveCfg = Release|Any CPU
		{A872B9D0-07E9-45A8-99DC-8EF4290515E8}.Release|Any CPU.Build.0 = Release|Any CPU
		{A872B9D0-07E9-45A8-99DC-8EF4290515E8}.Release|Any CPU.Deploy.0 = Release|Any CPU
		{A872B9D0-07E9-45A8-99DC-8EF4290515E8}.Release|ARM.ActiveCfg = Release|Any CPU
		{A872B9D0-07E9-45A8-99DC-8EF4290515E8}.Release|ARM.Build.0 = Release|Any CPU
		{A872B9D0-07E9-45A8-99DC-8EF4290515E8}.Release|ARM.Deploy.0 = Release|Any CPU
		{A872B9D0-07E9-45A8-99DC-8EF4290515E8}.Release|iPhone.ActiveCfg = Release|Any CPU
		{A872B9D0-07E9-45A8-99DC-8EF4290515E8}.Release|iPhone.Build.0 = Release|Any CPU
		{A872B9D0-07E9-45A8-99DC-8EF4290515E8}.Release|iPhone.Deploy.0 = Release|Any CPU
		{A872B9D0-07E9-45A8-99DC-8EF4290515E8}.Release|iPhoneSimulator.ActiveCfg = Release|Any CPU
		{A872B9D0-07E9-45A8-99DC-8EF4290515E8}.Release|iPhoneSimulator.Build.0 = Release|Any CPU
		{A872B9D0-07E9-45A8-99DC-8EF4290515E8}.Release|iPhoneSimulator.Deploy.0 = Release|Any CPU
		{A872B9D0-07E9-45A8-99DC-8EF4290515E8}.Release|x64.ActiveCfg = Release|Any CPU
		{A872B9D0-07E9-45A8-99DC-8EF4290515E8}.Release|x64.Build.0 = Release|Any CPU
		{A872B9D0-07E9-45A8-99DC-8EF4290515E8}.Release|x64.Deploy.0 = Release|Any CPU
		{A872B9D0-07E9-45A8-99DC-8EF4290515E8}.Release|x86.ActiveCfg = Release|Any CPU
		{A872B9D0-07E9-45A8-99DC-8EF4290515E8}.Release|x86.Build.0 = Release|Any CPU
		{A872B9D0-07E9-45A8-99DC-8EF4290515E8}.Release|x86.Deploy.0 = Release|Any CPU
	EndGlobalSection
	GlobalSection(SolutionProperties) = preSolution
		HideSolutionNode = FALSE
	EndGlobalSection
	GlobalSection(ExtensibilityGlobals) = postSolution
		SolutionGuid = {EF2023C1-2A70-4B3C-801F-C2926D829D88}
	EndGlobalSection
EndGlobal
